// !$*UTF8*$!
{
	archiveVersion = 1;
	classes = {
	};
	objectVersion = 50;
	objects = {

/* Begin PBXBuildFile section */
		AF8E4A6F250D7EBB001737AD /* AppDelegate.swift in Sources */ = {isa = PBXBuildFile; fileRef = AF8E4A6E250D7EBB001737AD /* AppDelegate.swift */; };
		AF8E4A71250D7EBB001737AD /* SceneDelegate.swift in Sources */ = {isa = PBXBuildFile; fileRef = AF8E4A70250D7EBB001737AD /* SceneDelegate.swift */; };
		AF8E4A73250D7EBB001737AD /* ViewController.swift in Sources */ = {isa = PBXBuildFile; fileRef = AF8E4A72250D7EBB001737AD /* ViewController.swift */; };
		AF8E4A76250D7EBB001737AD /* Main.storyboard in Resources */ = {isa = PBXBuildFile; fileRef = AF8E4A74250D7EBB001737AD /* Main.storyboard */; };
		AF8E4A78250D7EBF001737AD /* Assets.xcassets in Resources */ = {isa = PBXBuildFile; fileRef = AF8E4A77250D7EBF001737AD /* Assets.xcassets */; };
		AF8E4A7B250D7EBF001737AD /* LaunchScreen.storyboard in Resources */ = {isa = PBXBuildFile; fileRef = AF8E4A79250D7EBF001737AD /* LaunchScreen.storyboard */; };
/* End PBXBuildFile section */

/* Begin PBXFileReference section */
		AF8E4A6B250D7EBB001737AD /* MyMessenger.app */ = {isa = PBXFileReference; explicitFileType = wrapper.application; includeInIndex = 0; path = MyMessenger.app; sourceTree = BUILT_PRODUCTS_DIR; };
		AF8E4A6E250D7EBB001737AD /* AppDelegate.swift */ = {isa = PBXFileReference; lastKnownFileType = sourcecode.swift; path = AppDelegate.swift; sourceTree = "<group>"; };
		AF8E4A70250D7EBB001737AD /* SceneDelegate.swift */ = {isa = PBXFileReference; lastKnownFileType = sourcecode.swift; path = SceneDelegate.swift; sourceTree = "<group>"; };
		AF8E4A72250D7EBB001737AD /* ViewController.swift */ = {isa = PBXFileReference; lastKnownFileType = sourcecode.swift; path = ViewController.swift; sourceTree = "<group>"; };
		AF8E4A75250D7EBB001737AD /* Base */ = {isa = PBXFileReference; lastKnownFileType = file.storyboard; name = Base; path = Base.lproj/Main.storyboard; sourceTree = "<group>"; };
		AF8E4A77250D7EBF001737AD /* Assets.xcassets */ = {isa = PBXFileReference; lastKnownFileType = folder.assetcatalog; path = Assets.xcassets; sourceTree = "<group>"; };
		AF8E4A7A250D7EBF001737AD /* Base */ = {isa = PBXFileReference; lastKnownFileType = file.storyboard; name = Base; path = Base.lproj/LaunchScreen.storyboard; sourceTree = "<group>"; };
		AF8E4A7C250D7EBF001737AD /* Info.plist */ = {isa = PBXFileReference; lastKnownFileType = text.plist.xml; path = Info.plist; sourceTree = "<group>"; };
/* End PBXFileReference section */

/* Begin PBXFrameworksBuildPhase section */
		AF8E4A68250D7EBB001737AD /* Frameworks */ = {
			isa = PBXFrameworksBuildPhase;
			buildActionMask = 2147483647;
			files = (
			);
			runOnlyForDeploymentPostprocessing = 0;
		};
/* End PBXFrameworksBuildPhase section */

/* Begin PBXGroup section */
		AF8E4A62250D7EBB001737AD = {
			isa = PBXGroup;
			children = (
				AF8E4A6D250D7EBB001737AD /* MyMessenger */,
				AF8E4A6C250D7EBB001737AD /* Products */,
			);
			sourceTree = "<group>";
		};
		AF8E4A6C250D7EBB001737AD /* Products */ = {
			isa = PBXGroup;
			children = (
				AF8E4A6B250D7EBB001737AD /* MyMessenger.app */,
			);
			name = Products;
			sourceTree = "<group>";
		};
		AF8E4A6D250D7EBB001737AD /* MyMessenger */ = {
			isa = PBXGroup;
			children = (
				AF8E4A6E250D7EBB001737AD /* AppDelegate.swift */,
				AF8E4A70250D7EBB001737AD /* SceneDelegate.swift */,
				AF8E4A72250D7EBB001737AD /* ViewController.swift */,
				AF8E4A74250D7EBB001737AD /* Main.storyboard */,
				AF8E4A77250D7EBF001737AD /* Assets.xcassets */,
				AF8E4A79250D7EBF001737AD /* LaunchScreen.storyboard */,
				AF8E4A7C250D7EBF001737AD /* Info.plist */,
			);
			path = MyMessenger;
			sourceTree = "<group>";
		};
/* End PBXGroup section */

/* Begin PBXNativeTarget section */
		AF8E4A6A250D7EBB001737AD /* MyMessenger */ = {
			isa = PBXNativeTarget;
			buildConfigurationList = AF8E4A7F250D7EBF001737AD /* Build configuration list for PBXNativeTarget "MyMessenger" */;
			buildPhases = (
				AF8E4A67250D7EBB001737AD /* Sources */,
				AF8E4A68250D7EBB001737AD /* Frameworks */,
				AF8E4A69250D7EBB001737AD /* Resources */,
			);
			buildRules = (
			);
			dependencies = (
			);
			name = MyMessenger;
			productName = MyMessenger;
			productReference = AF8E4A6B250D7EBB001737AD /* MyMessenger.app */;
			productType = "com.apple.product-type.application";
		};
/* End PBXNativeTarget section */

/* Begin PBXProject section */
		AF8E4A63250D7EBB001737AD /* Project object */ = {
			isa = PBXProject;
			attributes = {
				LastSwiftUpdateCheck = 1160;
				LastUpgradeCheck = 1160;
				ORGANIZATIONNAME = nshindarev;
				TargetAttributes = {
					AF8E4A6A250D7EBB001737AD = {
						CreatedOnToolsVersion = 11.6;
					};
				};
			};
			buildConfigurationList = AF8E4A66250D7EBB001737AD /* Build configuration list for PBXProject "MyMessenger" */;
			compatibilityVersion = "Xcode 9.3";
			developmentRegion = en;
			hasScannedForEncodings = 0;
			knownRegions = (
				en,
				Base,
			);
			mainGroup = AF8E4A62250D7EBB001737AD;
			productRefGroup = AF8E4A6C250D7EBB001737AD /* Products */;
			projectDirPath = "";
			projectRoot = "";
			targets = (
				AF8E4A6A250D7EBB001737AD /* MyMessenger */,
			);
		};
/* End PBXProject section */

/* Begin PBXResourcesBuildPhase section */
		AF8E4A69250D7EBB001737AD /* Resources */ = {
			isa = PBXResourcesBuildPhase;
			buildActionMask = 2147483647;
			files = (
				AF8E4A7B250D7EBF001737AD /* LaunchScreen.storyboard in Resources */,
				AF8E4A78250D7EBF001737AD /* Assets.xcassets in Resources */,
				AF8E4A76250D7EBB001737AD /* Main.storyboard in Resources */,
			);
			runOnlyForDeploymentPostprocessing = 0;
		};
/* End PBXResourcesBuildPhase section */

/* Begin PBXSourcesBuildPhase section */
		AF8E4A67250D7EBB001737AD /* Sources */ = {
			isa = PBXSourcesBuildPhase;
			buildActionMask = 2147483647;
			files = (
				AF8E4A73250D7EBB001737AD /* ViewController.swift in Sources */,
				AF8E4A6F250D7EBB001737AD /* AppDelegate.swift in Sources */,
				AF8E4A71250D7EBB001737AD /* SceneDelegate.swift in Sources */,
			);
			runOnlyForDeploymentPostprocessing = 0;
		};
/* End PBXSourcesBuildPhase section */

/* Begin PBXVariantGroup section */
		AF8E4A74250D7EBB001737AD /* Main.storyboard */ = {
			isa = PBXVariantGroup;
			children = (
				AF8E4A75250D7EBB001737AD /* Base */,
			);
			name = Main.storyboard;
			sourceTree = "<group>";
		};
		AF8E4A79250D7EBF001737AD /* LaunchScreen.storyboard */ = {
			isa = PBXVariantGroup;
			children = (
				AF8E4A7A250D7EBF001737AD /* Base */,
			);
			name = LaunchScreen.storyboard;
			sourceTree = "<group>";
		};
/* End PBXVariantGroup section */

/* Begin XCBuildConfiguration section */
		AF8E4A7D250D7EBF001737AD /* Debug */ = {
			isa = XCBuildConfiguration;
			buildSettings = {
				ALWAYS_SEARCH_USER_PATHS = NO;
				CLANG_ANALYZER_NONNULL = YES;
				CLANG_ANALYZER_NUMBER_OBJECT_CONVERSION = YES_AGGRESSIVE;
				CLANG_CXX_LANGUAGE_STANDARD = "gnu++14";
				CLANG_CXX_LIBRARY = "libc++";
				CLANG_ENABLE_MODULES = YES;
				CLANG_ENABLE_OBJC_ARC = YES;
				CLANG_ENABLE_OBJC_WEAK = YES;
				CLANG_WARN_BLOCK_CAPTURE_AUTORELEASING = YES;
				CLANG_WARN_BOOL_CONVERSION = YES;
				CLANG_WARN_COMMA = YES;
				CLANG_WARN_CONSTANT_CONVERSION = YES;
				CLANG_WARN_DEPRECATED_OBJC_IMPLEMENTATIONS = YES;
				CLANG_WARN_DIRECT_OBJC_ISA_USAGE = YES_ERROR;
				CLANG_WARN_DOCUMENTATION_COMMENTS = YES;
				CLANG_WARN_EMPTY_BODY = YES;
				CLANG_WARN_ENUM_CONVERSION = YES;
				CLANG_WARN_INFINITE_RECURSION = YES;
				CLANG_WARN_INT_CONVERSION = YES;
				CLANG_WARN_NON_LITERAL_NULL_CONVERSION = YES;
				CLANG_WARN_OBJC_IMPLICIT_RETAIN_SELF = YES;
				CLANG_WARN_OBJC_LITERAL_CONVERSION = YES;
				CLANG_WARN_OBJC_ROOT_CLASS = YES_ERROR;
				CLANG_WARN_RANGE_LOOP_ANALYSIS = YES;
				CLANG_WARN_STRICT_PROTOTYPES = YES;
				CLANG_WARN_SUSPICIOUS_MOVE = YES;
				CLANG_WARN_UNGUARDED_AVAILABILITY = YES_AGGRESSIVE;
				CLANG_WARN_UNREACHABLE_CODE = YES;
				CLANG_WARN__DUPLICATE_METHOD_MATCH = YES;
				COPY_PHASE_STRIP = NO;
				DEBUG_INFORMATION_FORMAT = dwarf;
				ENABLE_STRICT_OBJC_MSGSEND = YES;
				ENABLE_TESTABILITY = YES;
				GCC_C_LANGUAGE_STANDARD = gnu11;
				GCC_DYNAMIC_NO_PIC = NO;
				GCC_NO_COMMON_BLOCKS = YES;
				GCC_OPTIMIZATION_LEVEL = 0;
				GCC_PREPROCESSOR_DEFINITIONS = (
					"DEBUG=1",
					"$(inherited)",
				);
				GCC_WARN_64_TO_32_BIT_CONVERSION = YES;
				GCC_WARN_ABOUT_RETURN_TYPE = YES_ERROR;
				GCC_WARN_UNDECLARED_SELECTOR = YES;
				GCC_WARN_UNINITIALIZED_AUTOS = YES_AGGRESSIVE;
				GCC_WARN_UNUSED_FUNCTION = YES;
				GCC_WARN_UNUSED_VARIABLE = YES;
				IPHONEOS_DEPLOYMENT_TARGET = 13.6;
				MTL_ENABLE_DEBUG_INFO = INCLUDE_SOURCE;
				MTL_FAST_MATH = YES;
				ONLY_ACTIVE_ARCH = YES;
				SDKROOT = iphoneos;
				SWIFT_ACTIVE_COMPILATION_CONDITIONS = DEBUG;
				SWIFT_OPTIMIZATION_LEVEL = "-Onone";
			};
			name = Debug;
		};
		AF8E4A7E250D7EBF001737AD /* Release */ = {
			isa = XCBuildConfiguration;
			buildSettings = {
				ALWAYS_SEARCH_USER_PATHS = NO;
				CLANG_ANALYZER_NONNULL = YES;
				CLANG_ANALYZER_NUMBER_OBJECT_CONVERSION = YES_AGGRESSIVE;
				CLANG_CXX_LANGUAGE_STANDARD = "gnu++14";
				CLANG_CXX_LIBRARY = "libc++";
				CLANG_ENABLE_MODULES = YES;
				CLANG_ENABLE_OBJC_ARC = YES;
				CLANG_ENABLE_OBJC_WEAK = YES;
				CLANG_WARN_BLOCK_CAPTURE_AUTORELEASING = YES;
				CLANG_WARN_BOOL_CONVERSION = YES;
				CLANG_WARN_COMMA = YES;
				CLANG_WARN_CONSTANT_CONVERSION = YES;
				CLANG_WARN_DEPRECATED_OBJC_IMPLEMENTATIONS = YES;
				CLANG_WARN_DIRECT_OBJC_ISA_USAGE = YES_ERROR;
				CLANG_WARN_DOCUMENTATION_COMMENTS = YES;
				CLANG_WARN_EMPTY_BODY = YES;
				CLANG_WARN_ENUM_CONVERSION = YES;
				CLANG_WARN_INFINITE_RECURSION = YES;
				CLANG_WARN_INT_CONVERSION = YES;
				CLANG_WARN_NON_LITERAL_NULL_CONVERSION = YES;
				CLANG_WARN_OBJC_IMPLICIT_RETAIN_SELF = YES;
				CLANG_WARN_OBJC_LITERAL_CONVERSION = YES;
				CLANG_WARN_OBJC_ROOT_CLASS = YES_ERROR;
				CLANG_WARN_RANGE_LOOP_ANALYSIS = YES;
				CLANG_WARN_STRICT_PROTOTYPES = YES;
				CLANG_WARN_SUSPICIOUS_MOVE = YES;
				CLANG_WARN_UNGUARDED_AVAILABILITY = YES_AGGRESSIVE;
				CLANG_WARN_UNREACHABLE_CODE = YES;
				CLANG_WARN__DUPLICATE_METHOD_MATCH = YES;
				COPY_PHASE_STRIP = NO;
				DEBUG_INFORMATION_FORMAT = "dwarf-with-dsym";
				ENABLE_NS_ASSERTIONS = NO;
				ENABLE_STRICT_OBJC_MSGSEND = YES;
				GCC_C_LANGUAGE_STANDARD = gnu11;
				GCC_NO_COMMON_BLOCKS = YES;
				GCC_WARN_64_TO_32_BIT_CONVERSION = YES;
				GCC_WARN_ABOUT_RETURN_TYPE = YES_ERROR;
				GCC_WARN_UNDECLARED_SELECTOR = YES;
				GCC_WARN_UNINITIALIZED_AUTOS = YES_AGGRESSIVE;
				GCC_WARN_UNUSED_FUNCTION = YES;
				GCC_WARN_UNUSED_VARIABLE = YES;
				IPHONEOS_DEPLOYMENT_TARGET = 13.6;
				MTL_ENABLE_DEBUG_INFO = NO;
				MTL_FAST_MATH = YES;
				SDKROOT = iphoneos;
				SWIFT_COMPILATION_MODE = wholemodule;
				SWIFT_OPTIMIZATION_LEVEL = "-O";
				VALIDATE_PRODUCT = YES;
			};
			name = Release;
		};
		AF8E4A80250D7EBF001737AD /* Debug */ = {
			isa = XCBuildConfiguration;
			buildSettings = {
				ASSETCATALOG_COMPILER_APPICON_NAME = AppIcon;
				CODE_SIGN_STYLE = Automatic;
				INFOPLIST_FILE = MyMessenger/Info.plist;
				LD_RUNPATH_SEARCH_PATHS = (
					"$(inherited)",
					"@executable_path/Frameworks",
				);
				PRODUCT_BUNDLE_IDENTIFIER = com.nshindarev.MyMessenger;
				PRODUCT_NAME = "$(TARGET_NAME)";
				SWIFT_VERSION = 5.0;
				TARGETED_DEVICE_FAMILY = "1,2";
			};
			name = Debug;
		};
		AF8E4A81250D7EBF001737AD /* Release */ = {
			isa = XCBuildConfiguration;
			buildSettings = {
				ASSETCATALOG_COMPILER_APPICON_NAME = AppIcon;
				CODE_SIGN_STYLE = Automatic;
				INFOPLIST_FILE = MyMessenger/Info.plist;
				LD_RUNPATH_SEARCH_PATHS = (
					"$(inherited)",
					"@executable_path/Frameworks",
				);
				PRODUCT_BUNDLE_IDENTIFIER = com.nshindarev.MyMessenger;
				PRODUCT_NAME = "$(TARGET_NAME)";
				SWIFT_VERSION = 5.0;
				TARGETED_DEVICE_FAMILY = "1,2";
			};
			name = Release;
		};
/* End XCBuildConfiguration section */

/* Begin XCConfigurationList section */
		AF8E4A66250D7EBB001737AD /* Build configuration list for PBXProject "MyMessenger" */ = {
			isa = XCConfigurationList;
			buildConfigurations = (
				AF8E4A7D250D7EBF001737AD /* Debug */,
				AF8E4A7E250D7EBF001737AD /* Release */,
			);
			defaultConfigurationIsVisible = 0;
			defaultConfigurationName = Release;
		};
		AF8E4A7F250D7EBF001737AD /* Build configuration list for PBXNativeTarget "MyMessenger" */ = {
			isa = XCConfigurationList;
			buildConfigurations = (
				AF8E4A80250D7EBF001737AD /* Debug */,
				AF8E4A81250D7EBF001737AD /* Release */,
			);
			defaultConfigurationIsVisible = 0;
			defaultConfigurationName = Release;
		};
/* End XCConfigurationList section */
	};
	rootObject = AF8E4A63250D7EBB001737AD /* Project object */;
}
